// !$*UTF8*$!
{
	archiveVersion = 1;
	classes = {
	};
	objectVersion = 50;
	objects = {

/* Begin PBXBuildFile section */
		9240878126B80EC500839225 /* FilterViewModel.swift in Sources */ = {isa = PBXBuildFile; fileRef = 9240878026B80EC500839225 /* FilterViewModel.swift */; };
		924BA28826B4F49C001DE782 /* Reusable.swift in Sources */ = {isa = PBXBuildFile; fileRef = 924BA28726B4F49C001DE782 /* Reusable.swift */; };
		924D161926B02AC00083ECA0 /* SectionHeader.swift in Sources */ = {isa = PBXBuildFile; fileRef = 924D161826B02AC00083ECA0 /* SectionHeader.swift */; };
		927EA51026AFBEE700D67D56 /* AppDelegate.swift in Sources */ = {isa = PBXBuildFile; fileRef = 927EA50F26AFBEE700D67D56 /* AppDelegate.swift */; };
		927EA51226AFBEE700D67D56 /* SceneDelegate.swift in Sources */ = {isa = PBXBuildFile; fileRef = 927EA51126AFBEE700D67D56 /* SceneDelegate.swift */; };
		927EA51426AFBEE700D67D56 /* ViewController.swift in Sources */ = {isa = PBXBuildFile; fileRef = 927EA51326AFBEE700D67D56 /* ViewController.swift */; };
		927EA51726AFBEE700D67D56 /* Main.storyboard in Resources */ = {isa = PBXBuildFile; fileRef = 927EA51526AFBEE700D67D56 /* Main.storyboard */; };
		927EA51926AFBEE700D67D56 /* Assets.xcassets in Resources */ = {isa = PBXBuildFile; fileRef = 927EA51826AFBEE700D67D56 /* Assets.xcassets */; };
		927EA51C26AFBEE700D67D56 /* LaunchScreen.storyboard in Resources */ = {isa = PBXBuildFile; fileRef = 927EA51A26AFBEE700D67D56 /* LaunchScreen.storyboard */; };
		927EA52526AFBFCE00D67D56 /* NetworkManager.swift in Sources */ = {isa = PBXBuildFile; fileRef = 927EA52426AFBFCE00D67D56 /* NetworkManager.swift */; };
		927EA52A26AFC25400D67D56 /* ListModel.swift in Sources */ = {isa = PBXBuildFile; fileRef = 927EA52926AFC25400D67D56 /* ListModel.swift */; };
		927EA52C26AFCBDE00D67D56 /* FilterCell.swift in Sources */ = {isa = PBXBuildFile; fileRef = 927EA52B26AFCBDE00D67D56 /* FilterCell.swift */; };
/* End PBXBuildFile section */

/* Begin PBXFileReference section */
		9240878026B80EC500839225 /* FilterViewModel.swift */ = {isa = PBXFileReference; lastKnownFileType = sourcecode.swift; path = FilterViewModel.swift; sourceTree = "<group>"; };
		924BA28726B4F49C001DE782 /* Reusable.swift */ = {isa = PBXFileReference; lastKnownFileType = sourcecode.swift; path = Reusable.swift; sourceTree = "<group>"; };
		924D161826B02AC00083ECA0 /* SectionHeader.swift */ = {isa = PBXFileReference; lastKnownFileType = sourcecode.swift; path = SectionHeader.swift; sourceTree = "<group>"; };
		927EA50C26AFBEE700D67D56 /* ListingUI.app */ = {isa = PBXFileReference; explicitFileType = wrapper.application; includeInIndex = 0; path = ListingUI.app; sourceTree = BUILT_PRODUCTS_DIR; };
		927EA50F26AFBEE700D67D56 /* AppDelegate.swift */ = {isa = PBXFileReference; lastKnownFileType = sourcecode.swift; path = AppDelegate.swift; sourceTree = "<group>"; };
		927EA51126AFBEE700D67D56 /* SceneDelegate.swift */ = {isa = PBXFileReference; lastKnownFileType = sourcecode.swift; path = SceneDelegate.swift; sourceTree = "<group>"; };
		927EA51326AFBEE700D67D56 /* ViewController.swift */ = {isa = PBXFileReference; lastKnownFileType = sourcecode.swift; path = ViewController.swift; sourceTree = "<group>"; };
		927EA51626AFBEE700D67D56 /* Base */ = {isa = PBXFileReference; lastKnownFileType = file.storyboard; name = Base; path = Base.lproj/Main.storyboard; sourceTree = "<group>"; };
		927EA51826AFBEE700D67D56 /* Assets.xcassets */ = {isa = PBXFileReference; lastKnownFileType = folder.assetcatalog; path = Assets.xcassets; sourceTree = "<group>"; };
		927EA51B26AFBEE700D67D56 /* Base */ = {isa = PBXFileReference; lastKnownFileType = file.storyboard; name = Base; path = Base.lproj/LaunchScreen.storyboard; sourceTree = "<group>"; };
		927EA51D26AFBEE700D67D56 /* Info.plist */ = {isa = PBXFileReference; lastKnownFileType = text.plist.xml; path = Info.plist; sourceTree = "<group>"; };
		927EA52426AFBFCE00D67D56 /* NetworkManager.swift */ = {isa = PBXFileReference; lastKnownFileType = sourcecode.swift; path = NetworkManager.swift; sourceTree = "<group>"; };
		927EA52926AFC25400D67D56 /* ListModel.swift */ = {isa = PBXFileReference; lastKnownFileType = sourcecode.swift; path = ListModel.swift; sourceTree = "<group>"; };
		927EA52B26AFCBDE00D67D56 /* FilterCell.swift */ = {isa = PBXFileReference; lastKnownFileType = sourcecode.swift; path = FilterCell.swift; sourceTree = "<group>"; };
/* End PBXFileReference section */

/* Begin PBXFrameworksBuildPhase section */
		927EA50926AFBEE700D67D56 /* Frameworks */ = {
			isa = PBXFrameworksBuildPhase;
			buildActionMask = 2147483647;
			files = (
			);
			runOnlyForDeploymentPostprocessing = 0;
		};
/* End PBXFrameworksBuildPhase section */

/* Begin PBXGroup section */
		9240877E26B80E8300839225 /* View */ = {
			isa = PBXGroup;
			children = (
				927EA52B26AFCBDE00D67D56 /* FilterCell.swift */,
				927EA51326AFBEE700D67D56 /* ViewController.swift */,
			);
			path = View;
			sourceTree = "<group>";
		};
		9240877F26B80E9C00839225 /* View Model */ = {
			isa = PBXGroup;
			children = (
				9240878026B80EC500839225 /* FilterViewModel.swift */,
			);
			path = "View Model";
			sourceTree = "<group>";
		};
		925A734F26B10F7E00807501 /* SectionHeader */ = {
			isa = PBXGroup;
			children = (
				924D161826B02AC00083ECA0 /* SectionHeader.swift */,
			);
			path = SectionHeader;
			sourceTree = "<group>";
		};
		927EA50326AFBEE700D67D56 = {
			isa = PBXGroup;
			children = (
				927EA50E26AFBEE700D67D56 /* ListingUI */,
				927EA50D26AFBEE700D67D56 /* Products */,
			);
			sourceTree = "<group>";
		};
		927EA50D26AFBEE700D67D56 /* Products */ = {
			isa = PBXGroup;
			children = (
				927EA50C26AFBEE700D67D56 /* ListingUI.app */,
			);
			name = Products;
			sourceTree = "<group>";
		};
		927EA50E26AFBEE700D67D56 /* ListingUI */ = {
			isa = PBXGroup;
			children = (
				927EA50F26AFBEE700D67D56 /* AppDelegate.swift */,
				927EA51126AFBEE700D67D56 /* SceneDelegate.swift */,
				9240877E26B80E8300839225 /* View */,
				9240877F26B80E9C00839225 /* View Model */,
				925A734F26B10F7E00807501 /* SectionHeader */,
				927EA52626AFC12800D67D56 /* Model */,
				927EA52326AFBFBA00D67D56 /* NetworkManager */,
				927EA51526AFBEE700D67D56 /* Main.storyboard */,
				927EA51826AFBEE700D67D56 /* Assets.xcassets */,
				927EA51A26AFBEE700D67D56 /* LaunchScreen.storyboard */,
				927EA51D26AFBEE700D67D56 /* Info.plist */,
				924BA28726B4F49C001DE782 /* Reusable.swift */,
			);
			path = ListingUI;
			sourceTree = "<group>";
		};
		927EA52326AFBFBA00D67D56 /* NetworkManager */ = {
			isa = PBXGroup;
			children = (
				927EA52426AFBFCE00D67D56 /* NetworkManager.swift */,
			);
			path = NetworkManager;
			sourceTree = "<group>";
		};
		927EA52626AFC12800D67D56 /* Model */ = {
			isa = PBXGroup;
			children = (
				927EA52926AFC25400D67D56 /* ListModel.swift */,
			);
			path = Model;
			sourceTree = "<group>";
		};
/* End PBXGroup section */

/* Begin PBXNativeTarget section */
		927EA50B26AFBEE700D67D56 /* ListingUI */ = {
			isa = PBXNativeTarget;
			buildConfigurationList = 927EA52026AFBEE700D67D56 /* Build configuration list for PBXNativeTarget "ListingUI" */;
			buildPhases = (
				927EA50826AFBEE700D67D56 /* Sources */,
				927EA50926AFBEE700D67D56 /* Frameworks */,
				927EA50A26AFBEE700D67D56 /* Resources */,
			);
			buildRules = (
			);
			dependencies = (
			);
			name = ListingUI;
			productName = ListingUI;
			productReference = 927EA50C26AFBEE700D67D56 /* ListingUI.app */;
			productType = "com.apple.product-type.application";
		};
/* End PBXNativeTarget section */

/* Begin PBXProject section */
		927EA50426AFBEE700D67D56 /* Project object */ = {
			isa = PBXProject;
			attributes = {
				LastSwiftUpdateCheck = 1250;
				LastUpgradeCheck = 1250;
				TargetAttributes = {
					927EA50B26AFBEE700D67D56 = {
						CreatedOnToolsVersion = 12.5;
					};
				};
			};
			buildConfigurationList = 927EA50726AFBEE700D67D56 /* Build configuration list for PBXProject "ListingUI" */;
			compatibilityVersion = "Xcode 9.3";
			developmentRegion = en;
			hasScannedForEncodings = 0;
			knownRegions = (
				en,
				Base,
			);
			mainGroup = 927EA50326AFBEE700D67D56;
			productRefGroup = 927EA50D26AFBEE700D67D56 /* Products */;
			projectDirPath = "";
			projectRoot = "";
			targets = (
				927EA50B26AFBEE700D67D56 /* ListingUI */,
			);
		};
/* End PBXProject section */

/* Begin PBXResourcesBuildPhase section */
		927EA50A26AFBEE700D67D56 /* Resources */ = {
			isa = PBXResourcesBuildPhase;
			buildActionMask = 2147483647;
			files = (
				927EA51C26AFBEE700D67D56 /* LaunchScreen.storyboard in Resources */,
				927EA51926AFBEE700D67D56 /* Assets.xcassets in Resources */,
				927EA51726AFBEE700D67D56 /* Main.storyboard in Resources */,
			);
			runOnlyForDeploymentPostprocessing = 0;
		};
/* End PBXResourcesBuildPhase section */

/* Begin PBXSourcesBuildPhase section */
		927EA50826AFBEE700D67D56 /* Sources */ = {
			isa = PBXSourcesBuildPhase;
			buildActionMask = 2147483647;
			files = (
				927EA52526AFBFCE00D67D56 /* NetworkManager.swift in Sources */,
				9240878126B80EC500839225 /* FilterViewModel.swift in Sources */,
				927EA52C26AFCBDE00D67D56 /* FilterCell.swift in Sources */,
				924BA28826B4F49C001DE782 /* Reusable.swift in Sources */,
				927EA51426AFBEE700D67D56 /* ViewController.swift in Sources */,
				924D161926B02AC00083ECA0 /* SectionHeader.swift in Sources */,
				927EA51026AFBEE700D67D56 /* AppDelegate.swift in Sources */,
				927EA51226AFBEE700D67D56 /* SceneDelegate.swift in Sources */,
				927EA52A26AFC25400D67D56 /* ListModel.swift in Sources */,
			);
			runOnlyForDeploymentPostprocessing = 0;
		};
/* End PBXSourcesBuildPhase section */

/* Begin PBXVariantGroup section */
		927EA51526AFBEE700D67D56 /* Main.storyboard */ = {
			isa = PBXVariantGroup;
			children = (
				927EA51626AFBEE700D67D56 /* Base */,
			);
			name = Main.storyboard;
			sourceTree = "<group>";
		};
		927EA51A26AFBEE700D67D56 /* LaunchScreen.storyboard */ = {
			isa = PBXVariantGroup;
			children = (
				927EA51B26AFBEE700D67D56 /* Base */,
			);
			name = LaunchScreen.storyboard;
			sourceTree = "<group>";
		};
/* End PBXVariantGroup section */

/* Begin XCBuildConfiguration section */
		927EA51E26AFBEE700D67D56 /* Debug */ = {
			isa = XCBuildConfiguration;
			buildSettings = {
				ALWAYS_SEARCH_USER_PATHS = NO;
				CLANG_ANALYZER_NONNULL = YES;
				CLANG_ANALYZER_NUMBER_OBJECT_CONVERSION = YES_AGGRESSIVE;
				CLANG_CXX_LANGUAGE_STANDARD = "gnu++14";
				CLANG_CXX_LIBRARY = "libc++";
				CLANG_ENABLE_MODULES = YES;
				CLANG_ENABLE_OBJC_ARC = YES;
				CLANG_ENABLE_OBJC_WEAK = YES;
				CLANG_WARN_BLOCK_CAPTURE_AUTORELEASING = YES;
				CLANG_WARN_BOOL_CONVERSION = YES;
				CLANG_WARN_COMMA = YES;
				CLANG_WARN_CONSTANT_CONVERSION = YES;
				CLANG_WARN_DEPRECATED_OBJC_IMPLEMENTATIONS = YES;
				CLANG_WARN_DIRECT_OBJC_ISA_USAGE = YES_ERROR;
				CLANG_WARN_DOCUMENTATION_COMMENTS = YES;
				CLANG_WARN_EMPTY_BODY = YES;
				CLANG_WARN_ENUM_CONVERSION = YES;
				CLANG_WARN_INFINITE_RECURSION = YES;
				CLANG_WARN_INT_CONVERSION = YES;
				CLANG_WARN_NON_LITERAL_NULL_CONVERSION = YES;
				CLANG_WARN_OBJC_IMPLICIT_RETAIN_SELF = YES;
				CLANG_WARN_OBJC_LITERAL_CONVERSION = YES;
				CLANG_WARN_OBJC_ROOT_CLASS = YES_ERROR;
				CLANG_WARN_QUOTED_INCLUDE_IN_FRAMEWORK_HEADER = YES;
				CLANG_WARN_RANGE_LOOP_ANALYSIS = YES;
				CLANG_WARN_STRICT_PROTOTYPES = YES;
				CLANG_WARN_SUSPICIOUS_MOVE = YES;
				CLANG_WARN_UNGUARDED_AVAILABILITY = YES_AGGRESSIVE;
				CLANG_WARN_UNREACHABLE_CODE = YES;
				CLANG_WARN__DUPLICATE_METHOD_MATCH = YES;
				COPY_PHASE_STRIP = NO;
				DEBUG_INFORMATION_FORMAT = dwarf;
				ENABLE_STRICT_OBJC_MSGSEND = YES;
				ENABLE_TESTABILITY = YES;
				GCC_C_LANGUAGE_STANDARD = gnu11;
				GCC_DYNAMIC_NO_PIC = NO;
				GCC_NO_COMMON_BLOCKS = YES;
				GCC_OPTIMIZATION_LEVEL = 0;
				GCC_PREPROCESSOR_DEFINITIONS = (
					"DEBUG=1",
					"$(inherited)",
				);
				GCC_WARN_64_TO_32_BIT_CONVERSION = YES;
				GCC_WARN_ABOUT_RETURN_TYPE = YES_ERROR;
				GCC_WARN_UNDECLARED_SELECTOR = YES;
				GCC_WARN_UNINITIALIZED_AUTOS = YES_AGGRESSIVE;
				GCC_WARN_UNUSED_FUNCTION = YES;
				GCC_WARN_UNUSED_VARIABLE = YES;
				IPHONEOS_DEPLOYMENT_TARGET = 14.5;
				MTL_ENABLE_DEBUG_INFO = INCLUDE_SOURCE;
				MTL_FAST_MATH = YES;
				ONLY_ACTIVE_ARCH = YES;
				SDKROOT = iphoneos;
				SWIFT_ACTIVE_COMPILATION_CONDITIONS = DEBUG;
				SWIFT_OPTIMIZATION_LEVEL = "-Onone";
			};
			name = Debug;
		};
		927EA51F26AFBEE700D67D56 /* Release */ = {
			isa = XCBuildConfiguration;
			buildSettings = {
				ALWAYS_SEARCH_USER_PATHS = NO;
				CLANG_ANALYZER_NONNULL = YES;
				CLANG_ANALYZER_NUMBER_OBJECT_CONVERSION = YES_AGGRESSIVE;
				CLANG_CXX_LANGUAGE_STANDARD = "gnu++14";
				CLANG_CXX_LIBRARY = "libc++";
				CLANG_ENABLE_MODULES = YES;
				CLANG_ENABLE_OBJC_ARC = YES;
				CLANG_ENABLE_OBJC_WEAK = YES;
				CLANG_WARN_BLOCK_CAPTURE_AUTORELEASING = YES;
				CLANG_WARN_BOOL_CONVERSION = YES;
				CLANG_WARN_COMMA = YES;
				CLANG_WARN_CONSTANT_CONVERSION = YES;
				CLANG_WARN_DEPRECATED_OBJC_IMPLEMENTATIONS = YES;
				CLANG_WARN_DIRECT_OBJC_ISA_USAGE = YES_ERROR;
				CLANG_WARN_DOCUMENTATION_COMMENTS = YES;
				CLANG_WARN_EMPTY_BODY = YES;
				CLANG_WARN_ENUM_CONVERSION = YES;
				CLANG_WARN_INFINITE_RECURSION = YES;
				CLANG_WARN_INT_CONVERSION = YES;
				CLANG_WARN_NON_LITERAL_NULL_CONVERSION = YES;
				CLANG_WARN_OBJC_IMPLICIT_RETAIN_SELF = YES;
				CLANG_WARN_OBJC_LITERAL_CONVERSION = YES;
				CLANG_WARN_OBJC_ROOT_CLASS = YES_ERROR;
				CLANG_WARN_QUOTED_INCLUDE_IN_FRAMEWORK_HEADER = YES;
				CLANG_WARN_RANGE_LOOP_ANALYSIS = YES;
				CLANG_WARN_STRICT_PROTOTYPES = YES;
				CLANG_WARN_SUSPICIOUS_MOVE = YES;
				CLANG_WARN_UNGUARDED_AVAILABILITY = YES_AGGRESSIVE;
				CLANG_WARN_UNREACHABLE_CODE = YES;
				CLANG_WARN__DUPLICATE_METHOD_MATCH = YES;
				COPY_PHASE_STRIP = NO;
				DEBUG_INFORMATION_FORMAT = "dwarf-with-dsym";
				ENABLE_NS_ASSERTIONS = NO;
				ENABLE_STRICT_OBJC_MSGSEND = YES;
				GCC_C_LANGUAGE_STANDARD = gnu11;
				GCC_NO_COMMON_BLOCKS = YES;
				GCC_WARN_64_TO_32_BIT_CONVERSION = YES;
				GCC_WARN_ABOUT_RETURN_TYPE = YES_ERROR;
				GCC_WARN_UNDECLARED_SELECTOR = YES;
				GCC_WARN_UNINITIALIZED_AUTOS = YES_AGGRESSIVE;
				GCC_WARN_UNUSED_FUNCTION = YES;
				GCC_WARN_UNUSED_VARIABLE = YES;
				IPHONEOS_DEPLOYMENT_TARGET = 14.5;
				MTL_ENABLE_DEBUG_INFO = NO;
				MTL_FAST_MATH = YES;
				SDKROOT = iphoneos;
				SWIFT_COMPILATION_MODE = wholemodule;
				SWIFT_OPTIMIZATION_LEVEL = "-O";
				VALIDATE_PRODUCT = YES;
			};
			name = Release;
		};
		927EA52126AFBEE700D67D56 /* Debug */ = {
			isa = XCBuildConfiguration;
			buildSettings = {
				ASSETCATALOG_COMPILER_APPICON_NAME = AppIcon;
				ASSETCATALOG_COMPILER_GLOBAL_ACCENT_COLOR_NAME = AccentColor;
				CODE_SIGN_STYLE = Automatic;
				DEVELOPMENT_TEAM = A99W3T6RFB;
				INFOPLIST_FILE = ListingUI/Info.plist;
				IPHONEOS_DEPLOYMENT_TARGET = 14.5;
				LD_RUNPATH_SEARCH_PATHS = (
					"$(inherited)",
					"@executable_path/Frameworks",
				);
				PRODUCT_BUNDLE_IDENTIFIER = "com.example.apple-sampleCode.ListingUI";
				PRODUCT_NAME = "$(TARGET_NAME)";
				SWIFT_VERSION = 5.0;
				TARGETED_DEVICE_FAMILY = "1,2";
			};
			name = Debug;
		};
		927EA52226AFBEE700D67D56 /* Release */ = {
			isa = XCBuildConfiguration;
			buildSettings = {
				ASSETCATALOG_COMPILER_APPICON_NAME = AppIcon;
				ASSETCATALOG_COMPILER_GLOBAL_ACCENT_COLOR_NAME = AccentColor;
				CODE_SIGN_STYLE = Automatic;
				DEVELOPMENT_TEAM = A99W3T6RFB;
				INFOPLIST_FILE = ListingUI/Info.plist;
				IPHONEOS_DEPLOYMENT_TARGET = 14.5;
				LD_RUNPATH_SEARCH_PATHS = (
					"$(inherited)",
					"@executable_path/Frameworks",
				);
				PRODUCT_BUNDLE_IDENTIFIER = "com.example.apple-sampleCode.ListingUI";
				PRODUCT_NAME = "$(TARGET_NAME)";
				SWIFT_VERSION = 5.0;
				TARGETED_DEVICE_FAMILY = "1,2";
			};
			name = Release;
		};
/* End XCBuildConfiguration section */

/* Begin XCConfigurationList section */
		927EA50726AFBEE700D67D56 /* Build configuration list for PBXProject "ListingUI" */ = {
			isa = XCConfigurationList;
			buildConfigurations = (
				927EA51E26AFBEE700D67D56 /* Debug */,
				927EA51F26AFBEE700D67D56 /* Release */,
			);
			defaultConfigurationIsVisible = 0;
			defaultConfigurationName = Release;
		};
		927EA52026AFBEE700D67D56 /* Build configuration list for PBXNativeTarget "ListingUI" */ = {
			isa = XCConfigurationList;
			buildConfigurations = (
				927EA52126AFBEE700D67D56 /* Debug */,
				927EA52226AFBEE700D67D56 /* Release */,
			);
			defaultConfigurationIsVisible = 0;
			defaultConfigurationName = Release;
		};
/* End XCConfigurationList section */
	};
	rootObject = 927EA50426AFBEE700D67D56 /* Project object */;
}
